{
    "_readme": [
        "This file locks the dependencies of your project to a known state",
        "Read more about it at https://getcomposer.org/doc/01-basic-usage.md#installing-dependencies",
        "This file is @generated automatically"
    ],
    "content-hash": "28eb9d0f9b41f72536a7b62145d957ac",
    "packages": [
        {
            "name": "krokedil/woocommerce",
            "version": "dev-develop-sku",
            "source": {
                "type": "git",
                "url": "https://github.com/krokedil/woocommerce.git",
                "reference": "8d9c3897e4928fcb33655120706508aa6c1c9680"
            },
            "dist": {
                "type": "zip",
                "url": "https://api.github.com/repos/krokedil/woocommerce/zipball/8d9c3897e4928fcb33655120706508aa6c1c9680",
                "reference": "8d9c3897e4928fcb33655120706508aa6c1c9680",
                "shasum": ""
            },
            "require-dev": {
                "10up/wp_mock": "^1.0",
                "php": "~7.4 || ~8.0",
                "php-stubs/woocommerce-stubs": "^7.2",
                "php-stubs/wordpress-stubs": "^6.1"
            },
            "type": "library",
            "autoload": {
                "psr-4": {
                    "Krokedil\\WooCommerce\\": "src/"
                }
            },
            "autoload-dev": {
                "psr-4": {
                    "Krokedil\\WooCommerce\\Tests\\": "tests/"
                }
            },
            "license": [
                "GPL-V2"
            ],
            "authors": [
                {
                    "name": "Krokedil AB",
                    "email": "info@krokedil.se"
                }
            ],
            "description": "A library package for Krokedils plugins that contains helper methods when working with WooCommerce.",
            "support": {
                "source": "https://github.com/krokedil/woocommerce/tree/develop-sku",
                "issues": "https://github.com/krokedil/woocommerce/issues"
            },
            "time": "2024-11-08T01:08:46+00:00"
        },
        {
            "name": "krokedil/wp-api",
            "version": "1.1.1",
            "source": {
                "type": "git",
                "url": "https://github.com/krokedil/wp-api.git",
                "reference": "a3ba33f7ac640456dad36a33d711d20091c71aea"
            },
            "dist": {
                "type": "zip",
                "url": "https://api.github.com/repos/krokedil/wp-api/zipball/a3ba33f7ac640456dad36a33d711d20091c71aea",
                "reference": "a3ba33f7ac640456dad36a33d711d20091c71aea",
                "shasum": ""
            },
            "require-dev": {
                "php": "~7.1 || ~8.0",
                "php-stubs/woocommerce-stubs": "^7.2",
                "php-stubs/wordpress-stubs": "^6.1"
            },
            "type": "library",
            "autoload": {
                "psr-4": {
                    "Krokedil\\WpApi\\": "src/"
                }
            },
            "license": [
                "GPL-V2"
            ],
            "authors": [
                {
                    "name": "Krokedil AB",
                    "email": "info@krokedil.se"
                }
            ],
            "description": "A composer library for Krokedil WordPress plugins that contains classes for working with wp_remote_request to setup request classes. Also uses the WooCommerce logger to log request reponses.",
            "support": {
                "source": "https://github.com/krokedil/wp-api/tree/1.1.1",
                "issues": "https://github.com/krokedil/wp-api/issues"
            },
            "time": "2024-04-22T09:03:39+00:00"
        }
    ],
    "packages-dev": [],
    "aliases": [],
    "minimum-stability": "dev",
    "stability-flags": {
        "krokedil/woocommerce": 20
    },
    "prefer-stable": true,
    "prefer-lowest": false,
    "platform": {
        "php": ">=7.4"
    },
    "platform-dev": [],
    "platform-overrides": {
        "php": "7.4"
    },
    "plugin-api-version": "2.6.0"
}
